// !$*UTF8*$!
{
	archiveVersion = 1;
	classes = {
	};
	objectVersion = 55;
	objects = {

/* Begin PBXBuildFile section */
		09C22EA2B4443AFC8E9974B1 /* Pods_HuiyuGuan_Assignment_1Tests.framework in Frameworks */ = {isa = PBXBuildFile; fileRef = 5C5F2050CA84C5E8466A1F15 /* Pods_HuiyuGuan_Assignment_1Tests.framework */; };
		0A62D1F88045E6B8BFE54E20 /* Pods_HuiyuGuan_Assignment_1_HuiyuGuan_Assignment_1UITests.framework in Frameworks */ = {isa = PBXBuildFile; fileRef = C7F88F6F9F2F433F91C40B55 /* Pods_HuiyuGuan_Assignment_1_HuiyuGuan_Assignment_1UITests.framework */; };
		659384BB27D29E390068447C /* MovieDetailsViewController.swift in Sources */ = {isa = PBXBuildFile; fileRef = 659384BA27D29E390068447C /* MovieDetailsViewController.swift */; };
		659384BD27D2AD2D0068447C /* MovieGirdViewController.swift in Sources */ = {isa = PBXBuildFile; fileRef = 659384BC27D2AD2D0068447C /* MovieGirdViewController.swift */; };
		659384BF27D2B67D0068447C /* MovieGridCell.swift in Sources */ = {isa = PBXBuildFile; fileRef = 659384BE27D2B67D0068447C /* MovieGridCell.swift */; };
		65AB0DD327C94CB3002957EA /* AppDelegate.swift in Sources */ = {isa = PBXBuildFile; fileRef = 65AB0DD227C94CB3002957EA /* AppDelegate.swift */; };
		65AB0DD527C94CB3002957EA /* SceneDelegate.swift in Sources */ = {isa = PBXBuildFile; fileRef = 65AB0DD427C94CB3002957EA /* SceneDelegate.swift */; };
		65AB0DD727C94CB3002957EA /* ViewController.swift in Sources */ = {isa = PBXBuildFile; fileRef = 65AB0DD627C94CB3002957EA /* ViewController.swift */; };
		65AB0DDA27C94CB3002957EA /* Main.storyboard in Resources */ = {isa = PBXBuildFile; fileRef = 65AB0DD827C94CB3002957EA /* Main.storyboard */; };
		65AB0DDC27C94CB5002957EA /* Assets.xcassets in Resources */ = {isa = PBXBuildFile; fileRef = 65AB0DDB27C94CB5002957EA /* Assets.xcassets */; };
		65AB0DDF27C94CB5002957EA /* LaunchScreen.storyboard in Resources */ = {isa = PBXBuildFile; fileRef = 65AB0DDD27C94CB5002957EA /* LaunchScreen.storyboard */; };
		65AB0DEA27C94CB5002957EA /* HuiyuGuan_Assignment_1Tests.swift in Sources */ = {isa = PBXBuildFile; fileRef = 65AB0DE927C94CB5002957EA /* HuiyuGuan_Assignment_1Tests.swift */; };
		65AB0DF427C94CB5002957EA /* HuiyuGuan_Assignment_1UITests.swift in Sources */ = {isa = PBXBuildFile; fileRef = 65AB0DF327C94CB5002957EA /* HuiyuGuan_Assignment_1UITests.swift */; };
		65AB0DF627C94CB5002957EA /* HuiyuGuan_Assignment_1UITestsLaunchTests.swift in Sources */ = {isa = PBXBuildFile; fileRef = 65AB0DF527C94CB5002957EA /* HuiyuGuan_Assignment_1UITestsLaunchTests.swift */; };
		65AB0E0527C95EBE002957EA /* MoviesViewController.swift in Sources */ = {isa = PBXBuildFile; fileRef = 65AB0E0427C95EBE002957EA /* MoviesViewController.swift */; };
		65AB0E0727C96B79002957EA /* MovieCell.swift in Sources */ = {isa = PBXBuildFile; fileRef = 65AB0E0627C96B79002957EA /* MovieCell.swift */; };
		65AB0E0A27C973C9002957EA /* AlamofireImage in Frameworks */ = {isa = PBXBuildFile; productRef = 65AB0E0927C973C9002957EA /* AlamofireImage */; };
		DAB90C27536399EEE18D0FF8 /* Pods_HuiyuGuan_Assignment_1.framework in Frameworks */ = {isa = PBXBuildFile; fileRef = 5D21A00C58DD6FA9F1422DE4 /* Pods_HuiyuGuan_Assignment_1.framework */; };
/* End PBXBuildFile section */

/* Begin PBXContainerItemProxy section */
		65AB0DE627C94CB5002957EA /* PBXContainerItemProxy */ = {
			isa = PBXContainerItemProxy;
			containerPortal = 65AB0DC727C94CB3002957EA /* Project object */;
			proxyType = 1;
			remoteGlobalIDString = 65AB0DCE27C94CB3002957EA;
			remoteInfo = "HuiyuGuan Assignment 1";
		};
		65AB0DF027C94CB5002957EA /* PBXContainerItemProxy */ = {
			isa = PBXContainerItemProxy;
			containerPortal = 65AB0DC727C94CB3002957EA /* Project object */;
			proxyType = 1;
			remoteGlobalIDString = 65AB0DCE27C94CB3002957EA;
			remoteInfo = "HuiyuGuan Assignment 1";
		};
/* End PBXContainerItemProxy section */

/* Begin PBXFileReference section */
		0547FCA2F099B875FD92B831 /* Pods-HuiyuGuan Assignment 1Tests.debug.xcconfig */ = {isa = PBXFileReference; includeInIndex = 1; lastKnownFileType = text.xcconfig; name = "Pods-HuiyuGuan Assignment 1Tests.debug.xcconfig"; path = "Target Support Files/Pods-HuiyuGuan Assignment 1Tests/Pods-HuiyuGuan Assignment 1Tests.debug.xcconfig"; sourceTree = "<group>"; };
		45971FDD4168F34E866BA1AA /* Pods-HuiyuGuan Assignment 1-HuiyuGuan Assignment 1UITests.debug.xcconfig */ = {isa = PBXFileReference; includeInIndex = 1; lastKnownFileType = text.xcconfig; name = "Pods-HuiyuGuan Assignment 1-HuiyuGuan Assignment 1UITests.debug.xcconfig"; path = "Target Support Files/Pods-HuiyuGuan Assignment 1-HuiyuGuan Assignment 1UITests/Pods-HuiyuGuan Assignment 1-HuiyuGuan Assignment 1UITests.debug.xcconfig"; sourceTree = "<group>"; };
		5C5F2050CA84C5E8466A1F15 /* Pods_HuiyuGuan_Assignment_1Tests.framework */ = {isa = PBXFileReference; explicitFileType = wrapper.framework; includeInIndex = 0; path = Pods_HuiyuGuan_Assignment_1Tests.framework; sourceTree = BUILT_PRODUCTS_DIR; };
		5D21A00C58DD6FA9F1422DE4 /* Pods_HuiyuGuan_Assignment_1.framework */ = {isa = PBXFileReference; explicitFileType = wrapper.framework; includeInIndex = 0; path = Pods_HuiyuGuan_Assignment_1.framework; sourceTree = BUILT_PRODUCTS_DIR; };
		5DDA93BC65D034CD21A77A85 /* Pods-HuiyuGuan Assignment 1.release.xcconfig */ = {isa = PBXFileReference; includeInIndex = 1; lastKnownFileType = text.xcconfig; name = "Pods-HuiyuGuan Assignment 1.release.xcconfig"; path = "Target Support Files/Pods-HuiyuGuan Assignment 1/Pods-HuiyuGuan Assignment 1.release.xcconfig"; sourceTree = "<group>"; };
		659384BA27D29E390068447C /* MovieDetailsViewController.swift */ = {isa = PBXFileReference; lastKnownFileType = sourcecode.swift; path = MovieDetailsViewController.swift; sourceTree = "<group>"; };
		659384BC27D2AD2D0068447C /* MovieGirdViewController.swift */ = {isa = PBXFileReference; lastKnownFileType = sourcecode.swift; path = MovieGirdViewController.swift; sourceTree = "<group>"; };
		659384BE27D2B67D0068447C /* MovieGridCell.swift */ = {isa = PBXFileReference; lastKnownFileType = sourcecode.swift; path = MovieGridCell.swift; sourceTree = "<group>"; };
		65AB0DCF27C94CB3002957EA /* HuiyuGuan Assignment 1.app */ = {isa = PBXFileReference; explicitFileType = wrapper.application; includeInIndex = 0; path = "HuiyuGuan Assignment 1.app"; sourceTree = BUILT_PRODUCTS_DIR; };
		65AB0DD227C94CB3002957EA /* AppDelegate.swift */ = {isa = PBXFileReference; lastKnownFileType = sourcecode.swift; path = AppDelegate.swift; sourceTree = "<group>"; };
		65AB0DD427C94CB3002957EA /* SceneDelegate.swift */ = {isa = PBXFileReference; lastKnownFileType = sourcecode.swift; path = SceneDelegate.swift; sourceTree = "<group>"; };
		65AB0DD627C94CB3002957EA /* ViewController.swift */ = {isa = PBXFileReference; lastKnownFileType = sourcecode.swift; path = ViewController.swift; sourceTree = "<group>"; };
		65AB0DD927C94CB3002957EA /* Base */ = {isa = PBXFileReference; lastKnownFileType = file.storyboard; name = Base; path = Base.lproj/Main.storyboard; sourceTree = "<group>"; };
		65AB0DDB27C94CB5002957EA /* Assets.xcassets */ = {isa = PBXFileReference; lastKnownFileType = folder.assetcatalog; path = Assets.xcassets; sourceTree = "<group>"; };
		65AB0DDE27C94CB5002957EA /* Base */ = {isa = PBXFileReference; lastKnownFileType = file.storyboard; name = Base; path = Base.lproj/LaunchScreen.storyboard; sourceTree = "<group>"; };
		65AB0DE027C94CB5002957EA /* Info.plist */ = {isa = PBXFileReference; lastKnownFileType = text.plist.xml; path = Info.plist; sourceTree = "<group>"; };
		65AB0DE527C94CB5002957EA /* HuiyuGuan Assignment 1Tests.xctest */ = {isa = PBXFileReference; explicitFileType = wrapper.cfbundle; includeInIndex = 0; path = "HuiyuGuan Assignment 1Tests.xctest"; sourceTree = BUILT_PRODUCTS_DIR; };
		65AB0DE927C94CB5002957EA /* HuiyuGuan_Assignment_1Tests.swift */ = {isa = PBXFileReference; lastKnownFileType = sourcecode.swift; path = HuiyuGuan_Assignment_1Tests.swift; sourceTree = "<group>"; };
		65AB0DEF27C94CB5002957EA /* HuiyuGuan Assignment 1UITests.xctest */ = {isa = PBXFileReference; explicitFileType = wrapper.cfbundle; includeInIndex = 0; path = "HuiyuGuan Assignment 1UITests.xctest"; sourceTree = BUILT_PRODUCTS_DIR; };
		65AB0DF327C94CB5002957EA /* HuiyuGuan_Assignment_1UITests.swift */ = {isa = PBXFileReference; lastKnownFileType = sourcecode.swift; path = HuiyuGuan_Assignment_1UITests.swift; sourceTree = "<group>"; };
		65AB0DF527C94CB5002957EA /* HuiyuGuan_Assignment_1UITestsLaunchTests.swift */ = {isa = PBXFileReference; lastKnownFileType = sourcecode.swift; path = HuiyuGuan_Assignment_1UITestsLaunchTests.swift; sourceTree = "<group>"; };
		65AB0E0427C95EBE002957EA /* MoviesViewController.swift */ = {isa = PBXFileReference; lastKnownFileType = sourcecode.swift; path = MoviesViewController.swift; sourceTree = "<group>"; };
		65AB0E0627C96B79002957EA /* MovieCell.swift */ = {isa = PBXFileReference; lastKnownFileType = sourcecode.swift; path = MovieCell.swift; sourceTree = "<group>"; };
		7204F1ED85A6DB8B3E89EF16 /* Pods-HuiyuGuan Assignment 1Tests.release.xcconfig */ = {isa = PBXFileReference; includeInIndex = 1; lastKnownFileType = text.xcconfig; name = "Pods-HuiyuGuan Assignment 1Tests.release.xcconfig"; path = "Target Support Files/Pods-HuiyuGuan Assignment 1Tests/Pods-HuiyuGuan Assignment 1Tests.release.xcconfig"; sourceTree = "<group>"; };
		9336D1BD9F7CBE0CA4382120 /* Pods-HuiyuGuan Assignment 1-HuiyuGuan Assignment 1UITests.release.xcconfig */ = {isa = PBXFileReference; includeInIndex = 1; lastKnownFileType = text.xcconfig; name = "Pods-HuiyuGuan Assignment 1-HuiyuGuan Assignment 1UITests.release.xcconfig"; path = "Target Support Files/Pods-HuiyuGuan Assignment 1-HuiyuGuan Assignment 1UITests/Pods-HuiyuGuan Assignment 1-HuiyuGuan Assignment 1UITests.release.xcconfig"; sourceTree = "<group>"; };
		C7F88F6F9F2F433F91C40B55 /* Pods_HuiyuGuan_Assignment_1_HuiyuGuan_Assignment_1UITests.framework */ = {isa = PBXFileReference; explicitFileType = wrapper.framework; includeInIndex = 0; path = Pods_HuiyuGuan_Assignment_1_HuiyuGuan_Assignment_1UITests.framework; sourceTree = BUILT_PRODUCTS_DIR; };
		DDFC1016304FB0D32AEF33C2 /* Pods-HuiyuGuan Assignment 1.debug.xcconfig */ = {isa = PBXFileReference; includeInIndex = 1; lastKnownFileType = text.xcconfig; name = "Pods-HuiyuGuan Assignment 1.debug.xcconfig"; path = "Target Support Files/Pods-HuiyuGuan Assignment 1/Pods-HuiyuGuan Assignment 1.debug.xcconfig"; sourceTree = "<group>"; };
/* End PBXFileReference section */

/* Begin PBXFrameworksBuildPhase section */
		65AB0DCC27C94CB3002957EA /* Frameworks */ = {
			isa = PBXFrameworksBuildPhase;
			buildActionMask = 2147483647;
			files = (
				65AB0E0A27C973C9002957EA /* AlamofireImage in Frameworks */,
				DAB90C27536399EEE18D0FF8 /* Pods_HuiyuGuan_Assignment_1.framework in Frameworks */,
			);
			runOnlyForDeploymentPostprocessing = 0;
		};
		65AB0DE227C94CB5002957EA /* Frameworks */ = {
			isa = PBXFrameworksBuildPhase;
			buildActionMask = 2147483647;
			files = (
				09C22EA2B4443AFC8E9974B1 /* Pods_HuiyuGuan_Assignment_1Tests.framework in Frameworks */,
			);
			runOnlyForDeploymentPostprocessing = 0;
		};
		65AB0DEC27C94CB5002957EA /* Frameworks */ = {
			isa = PBXFrameworksBuildPhase;
			buildActionMask = 2147483647;
			files = (
				0A62D1F88045E6B8BFE54E20 /* Pods_HuiyuGuan_Assignment_1_HuiyuGuan_Assignment_1UITests.framework in Frameworks */,
			);
			runOnlyForDeploymentPostprocessing = 0;
		};
/* End PBXFrameworksBuildPhase section */

/* Begin PBXGroup section */
		36FA150C9AF3479056EC80EE /* Pods */ = {
			isa = PBXGroup;
			children = (
				DDFC1016304FB0D32AEF33C2 /* Pods-HuiyuGuan Assignment 1.debug.xcconfig */,
				5DDA93BC65D034CD21A77A85 /* Pods-HuiyuGuan Assignment 1.release.xcconfig */,
				45971FDD4168F34E866BA1AA /* Pods-HuiyuGuan Assignment 1-HuiyuGuan Assignment 1UITests.debug.xcconfig */,
				9336D1BD9F7CBE0CA4382120 /* Pods-HuiyuGuan Assignment 1-HuiyuGuan Assignment 1UITests.release.xcconfig */,
				0547FCA2F099B875FD92B831 /* Pods-HuiyuGuan Assignment 1Tests.debug.xcconfig */,
				7204F1ED85A6DB8B3E89EF16 /* Pods-HuiyuGuan Assignment 1Tests.release.xcconfig */,
			);
			path = Pods;
			sourceTree = "<group>";
		};
		65AB0DC627C94CB3002957EA = {
			isa = PBXGroup;
			children = (
				65AB0DD127C94CB3002957EA /* HuiyuGuan Assignment 1 */,
				65AB0DE827C94CB5002957EA /* HuiyuGuan Assignment 1Tests */,
				65AB0DF227C94CB5002957EA /* HuiyuGuan Assignment 1UITests */,
				65AB0DD027C94CB3002957EA /* Products */,
				36FA150C9AF3479056EC80EE /* Pods */,
				AB6529EFAFA5C44916E442C4 /* Frameworks */,
			);
			sourceTree = "<group>";
		};
		65AB0DD027C94CB3002957EA /* Products */ = {
			isa = PBXGroup;
			children = (
				65AB0DCF27C94CB3002957EA /* HuiyuGuan Assignment 1.app */,
				65AB0DE527C94CB5002957EA /* HuiyuGuan Assignment 1Tests.xctest */,
				65AB0DEF27C94CB5002957EA /* HuiyuGuan Assignment 1UITests.xctest */,
			);
			name = Products;
			sourceTree = "<group>";
		};
		65AB0DD127C94CB3002957EA /* HuiyuGuan Assignment 1 */ = {
			isa = PBXGroup;
			children = (
				65AB0DD227C94CB3002957EA /* AppDelegate.swift */,
				65AB0DD427C94CB3002957EA /* SceneDelegate.swift */,
				65AB0DD627C94CB3002957EA /* ViewController.swift */,
				65AB0DD827C94CB3002957EA /* Main.storyboard */,
				659384BE27D2B67D0068447C /* MovieGridCell.swift */,
				659384BC27D2AD2D0068447C /* MovieGirdViewController.swift */,
				659384BA27D29E390068447C /* MovieDetailsViewController.swift */,
				65AB0E0427C95EBE002957EA /* MoviesViewController.swift */,
				65AB0DDB27C94CB5002957EA /* Assets.xcassets */,
				65AB0DDD27C94CB5002957EA /* LaunchScreen.storyboard */,
				65AB0DE027C94CB5002957EA /* Info.plist */,
				65AB0E0627C96B79002957EA /* MovieCell.swift */,
			);
			path = "HuiyuGuan Assignment 1";
			sourceTree = "<group>";
		};
		65AB0DE827C94CB5002957EA /* HuiyuGuan Assignment 1Tests */ = {
			isa = PBXGroup;
			children = (
				65AB0DE927C94CB5002957EA /* HuiyuGuan_Assignment_1Tests.swift */,
			);
			path = "HuiyuGuan Assignment 1Tests";
			sourceTree = "<group>";
		};
		65AB0DF227C94CB5002957EA /* HuiyuGuan Assignment 1UITests */ = {
			isa = PBXGroup;
			children = (
				65AB0DF327C94CB5002957EA /* HuiyuGuan_Assignment_1UITests.swift */,
				65AB0DF527C94CB5002957EA /* HuiyuGuan_Assignment_1UITestsLaunchTests.swift */,
			);
			path = "HuiyuGuan Assignment 1UITests";
			sourceTree = "<group>";
		};
		AB6529EFAFA5C44916E442C4 /* Frameworks */ = {
			isa = PBXGroup;
			children = (
				5D21A00C58DD6FA9F1422DE4 /* Pods_HuiyuGuan_Assignment_1.framework */,
				C7F88F6F9F2F433F91C40B55 /* Pods_HuiyuGuan_Assignment_1_HuiyuGuan_Assignment_1UITests.framework */,
				5C5F2050CA84C5E8466A1F15 /* Pods_HuiyuGuan_Assignment_1Tests.framework */,
			);
			name = Frameworks;
			sourceTree = "<group>";
		};
/* End PBXGroup section */

/* Begin PBXNativeTarget section */
		65AB0DCE27C94CB3002957EA /* HuiyuGuan Assignment 1 */ = {
			isa = PBXNativeTarget;
			buildConfigurationList = 65AB0DF927C94CB5002957EA /* Build configuration list for PBXNativeTarget "HuiyuGuan Assignment 1" */;
			buildPhases = (
				1FA96EBF91136E17B97E6388 /* [CP] Check Pods Manifest.lock */,
				65AB0DCB27C94CB3002957EA /* Sources */,
				65AB0DCC27C94CB3002957EA /* Frameworks */,
				65AB0DCD27C94CB3002957EA /* Resources */,
				0DD5DEA055A3474B9871BC92 /* [CP] Embed Pods Frameworks */,
			);
			buildRules = (
			);
			dependencies = (
			);
			name = "HuiyuGuan Assignment 1";
			packageProductDependencies = (
				65AB0E0927C973C9002957EA /* AlamofireImage */,
			);
			productName = "HuiyuGuan Assignment 1";
			productReference = 65AB0DCF27C94CB3002957EA /* HuiyuGuan Assignment 1.app */;
			productType = "com.apple.product-type.application";
		};
		65AB0DE427C94CB5002957EA /* HuiyuGuan Assignment 1Tests */ = {
			isa = PBXNativeTarget;
			buildConfigurationList = 65AB0DFC27C94CB5002957EA /* Build configuration list for PBXNativeTarget "HuiyuGuan Assignment 1Tests" */;
			buildPhases = (
				0A916EA96E59D54D62B2C95E /* [CP] Check Pods Manifest.lock */,
				65AB0DE127C94CB5002957EA /* Sources */,
				65AB0DE227C94CB5002957EA /* Frameworks */,
				65AB0DE327C94CB5002957EA /* Resources */,
			);
			buildRules = (
			);
			dependencies = (
				65AB0DE727C94CB5002957EA /* PBXTargetDependency */,
			);
			name = "HuiyuGuan Assignment 1Tests";
			productName = "HuiyuGuan Assignment 1Tests";
			productReference = 65AB0DE527C94CB5002957EA /* HuiyuGuan Assignment 1Tests.xctest */;
			productType = "com.apple.product-type.bundle.unit-test";
		};
		65AB0DEE27C94CB5002957EA /* HuiyuGuan Assignment 1UITests */ = {
			isa = PBXNativeTarget;
			buildConfigurationList = 65AB0DFF27C94CB5002957EA /* Build configuration list for PBXNativeTarget "HuiyuGuan Assignment 1UITests" */;
			buildPhases = (
				72F40B14B810C5980AE5306B /* [CP] Check Pods Manifest.lock */,
				65AB0DEB27C94CB5002957EA /* Sources */,
				65AB0DEC27C94CB5002957EA /* Frameworks */,
				65AB0DED27C94CB5002957EA /* Resources */,
				CA79EC2DE04EAF35F9C9AE83 /* [CP] Embed Pods Frameworks */,
			);
			buildRules = (
			);
			dependencies = (
				65AB0DF127C94CB5002957EA /* PBXTargetDependency */,
			);
			name = "HuiyuGuan Assignment 1UITests";
			productName = "HuiyuGuan Assignment 1UITests";
			productReference = 65AB0DEF27C94CB5002957EA /* HuiyuGuan Assignment 1UITests.xctest */;
			productType = "com.apple.product-type.bundle.ui-testing";
		};
/* End PBXNativeTarget section */

/* Begin PBXProject section */
		65AB0DC727C94CB3002957EA /* Project object */ = {
			isa = PBXProject;
			attributes = {
				BuildIndependentTargetsInParallel = 1;
				LastSwiftUpdateCheck = 1320;
				LastUpgradeCheck = 1320;
				TargetAttributes = {
					65AB0DCE27C94CB3002957EA = {
						CreatedOnToolsVersion = 13.2.1;
					};
					65AB0DE427C94CB5002957EA = {
						CreatedOnToolsVersion = 13.2.1;
						TestTargetID = 65AB0DCE27C94CB3002957EA;
					};
					65AB0DEE27C94CB5002957EA = {
						CreatedOnToolsVersion = 13.2.1;
						TestTargetID = 65AB0DCE27C94CB3002957EA;
					};
				};
			};
			buildConfigurationList = 65AB0DCA27C94CB3002957EA /* Build configuration list for PBXProject "HuiyuGuan Assignment 1" */;
			compatibilityVersion = "Xcode 13.0";
			developmentRegion = en;
			hasScannedForEncodings = 0;
			knownRegions = (
				en,
				Base,
			);
			mainGroup = 65AB0DC627C94CB3002957EA;
			packageReferences = (
				65AB0E0827C973C9002957EA /* XCRemoteSwiftPackageReference "AlamofireImage" */,
			);
			productRefGroup = 65AB0DD027C94CB3002957EA /* Products */;
			projectDirPath = "";
			projectRoot = "";
			targets = (
				65AB0DCE27C94CB3002957EA /* HuiyuGuan Assignment 1 */,
				65AB0DE427C94CB5002957EA /* HuiyuGuan Assignment 1Tests */,
				65AB0DEE27C94CB5002957EA /* HuiyuGuan Assignment 1UITests */,
			);
		};
/* End PBXProject section */

/* Begin PBXResourcesBuildPhase section */
		65AB0DCD27C94CB3002957EA /* Resources */ = {
			isa = PBXResourcesBuildPhase;
			buildActionMask = 2147483647;
			files = (
				65AB0DDF27C94CB5002957EA /* LaunchScreen.storyboard in Resources */,
				65AB0DDC27C94CB5002957EA /* Assets.xcassets in Resources */,
				65AB0DDA27C94CB3002957EA /* Main.storyboard in Resources */,
			);
			runOnlyForDeploymentPostprocessing = 0;
		};
		65AB0DE327C94CB5002957EA /* Resources */ = {
			isa = PBXResourcesBuildPhase;
			buildActionMask = 2147483647;
			files = (
			);
			runOnlyForDeploymentPostprocessing = 0;
		};
		65AB0DED27C94CB5002957EA /* Resources */ = {
			isa = PBXResourcesBuildPhase;
			buildActionMask = 2147483647;
			files = (
			);
			runOnlyForDeploymentPostprocessing = 0;
		};
/* End PBXResourcesBuildPhase section */

/* Begin PBXShellScriptBuildPhase section */
		0A916EA96E59D54D62B2C95E /* [CP] Check Pods Manifest.lock */ = {
			isa = PBXShellScriptBuildPhase;
			buildActionMask = 2147483647;
			files = (
			);
			inputFileListPaths = (
			);
			inputPaths = (
				"${PODS_PODFILE_DIR_PATH}/Podfile.lock",
				"${PODS_ROOT}/Manifest.lock",
			);
			name = "[CP] Check Pods Manifest.lock";
			outputFileListPaths = (
			);
			outputPaths = (
				"$(DERIVED_FILE_DIR)/Pods-HuiyuGuan Assignment 1Tests-checkManifestLockResult.txt",
			);
			runOnlyForDeploymentPostprocessing = 0;
			shellPath = /bin/sh;
			shellScript = "diff \"${PODS_PODFILE_DIR_PATH}/Podfile.lock\" \"${PODS_ROOT}/Manifest.lock\" > /dev/null\nif [ $? != 0 ] ; then\n    # print error to STDERR\n    echo \"error: The sandbox is not in sync with the Podfile.lock. Run 'pod install' or update your CocoaPods installation.\" >&2\n    exit 1\nfi\n# This output is used by Xcode 'outputs' to avoid re-running this script phase.\necho \"SUCCESS\" > \"${SCRIPT_OUTPUT_FILE_0}\"\n";
			showEnvVarsInLog = 0;
		};
		0DD5DEA055A3474B9871BC92 /* [CP] Embed Pods Frameworks */ = {
			isa = PBXShellScriptBuildPhase;
			buildActionMask = 2147483647;
			files = (
			);
			inputFileListPaths = (
				"${PODS_ROOT}/Target Support Files/Pods-HuiyuGuan Assignment 1/Pods-HuiyuGuan Assignment 1-frameworks-${CONFIGURATION}-input-files.xcfilelist",
			);
			name = "[CP] Embed Pods Frameworks";
			outputFileListPaths = (
				"${PODS_ROOT}/Target Support Files/Pods-HuiyuGuan Assignment 1/Pods-HuiyuGuan Assignment 1-frameworks-${CONFIGURATION}-output-files.xcfilelist",
			);
			runOnlyForDeploymentPostprocessing = 0;
			shellPath = /bin/sh;
			shellScript = "\"${PODS_ROOT}/Target Support Files/Pods-HuiyuGuan Assignment 1/Pods-HuiyuGuan Assignment 1-frameworks.sh\"\n";
			showEnvVarsInLog = 0;
		};
		1FA96EBF91136E17B97E6388 /* [CP] Check Pods Manifest.lock */ = {
			isa = PBXShellScriptBuildPhase;
			buildActionMask = 2147483647;
			files = (
			);
			inputFileListPaths = (
			);
			inputPaths = (
				"${PODS_PODFILE_DIR_PATH}/Podfile.lock",
				"${PODS_ROOT}/Manifest.lock",
			);
			name = "[CP] Check Pods Manifest.lock";
			outputFileListPaths = (
			);
			outputPaths = (
				"$(DERIVED_FILE_DIR)/Pods-HuiyuGuan Assignment 1-checkManifestLockResult.txt",
			);
			runOnlyForDeploymentPostprocessing = 0;
			shellPath = /bin/sh;
			shellScript = "diff \"${PODS_PODFILE_DIR_PATH}/Podfile.lock\" \"${PODS_ROOT}/Manifest.lock\" > /dev/null\nif [ $? != 0 ] ; then\n    # print error to STDERR\n    echo \"error: The sandbox is not in sync with the Podfile.lock. Run 'pod install' or update your CocoaPods installation.\" >&2\n    exit 1\nfi\n# This output is used by Xcode 'outputs' to avoid re-running this script phase.\necho \"SUCCESS\" > \"${SCRIPT_OUTPUT_FILE_0}\"\n";
			showEnvVarsInLog = 0;
		};
		72F40B14B810C5980AE5306B /* [CP] Check Pods Manifest.lock */ = {
			isa = PBXShellScriptBuildPhase;
			buildActionMask = 2147483647;
			files = (
			);
			inputFileListPaths = (
			);
			inputPaths = (
				"${PODS_PODFILE_DIR_PATH}/Podfile.lock",
				"${PODS_ROOT}/Manifest.lock",
			);
			name = "[CP] Check Pods Manifest.lock";
			outputFileListPaths = (
			);
			outputPaths = (
				"$(DERIVED_FILE_DIR)/Pods-HuiyuGuan Assignment 1-HuiyuGuan Assignment 1UITests-checkManifestLockResult.txt",
			);
			runOnlyForDeploymentPostprocessing = 0;
			shellPath = /bin/sh;
			shellScript = "diff \"${PODS_PODFILE_DIR_PATH}/Podfile.lock\" \"${PODS_ROOT}/Manifest.lock\" > /dev/null\nif [ $? != 0 ] ; then\n    # print error to STDERR\n    echo \"error: The sandbox is not in sync with the Podfile.lock. Run 'pod install' or update your CocoaPods installation.\" >&2\n    exit 1\nfi\n# This output is used by Xcode 'outputs' to avoid re-running this script phase.\necho \"SUCCESS\" > \"${SCRIPT_OUTPUT_FILE_0}\"\n";
			showEnvVarsInLog = 0;
		};
		CA79EC2DE04EAF35F9C9AE83 /* [CP] Embed Pods Frameworks */ = {
			isa = PBXShellScriptBuildPhase;
			buildActionMask = 2147483647;
			files = (
			);
			inputFileListPaths = (
				"${PODS_ROOT}/Target Support Files/Pods-HuiyuGuan Assignment 1-HuiyuGuan Assignment 1UITests/Pods-HuiyuGuan Assignment 1-HuiyuGuan Assignment 1UITests-frameworks-${CONFIGURATION}-input-files.xcfilelist",
			);
			name = "[CP] Embed Pods Frameworks";
			outputFileListPaths = (
				"${PODS_ROOT}/Target Support Files/Pods-HuiyuGuan Assignment 1-HuiyuGuan Assignment 1UITests/Pods-HuiyuGuan Assignment 1-HuiyuGuan Assignment 1UITests-frameworks-${CONFIGURATION}-output-files.xcfilelist",
			);
			runOnlyForDeploymentPostprocessing = 0;
			shellPath = /bin/sh;
			shellScript = "\"${PODS_ROOT}/Target Support Files/Pods-HuiyuGuan Assignment 1-HuiyuGuan Assignment 1UITests/Pods-HuiyuGuan Assignment 1-HuiyuGuan Assignment 1UITests-frameworks.sh\"\n";
			showEnvVarsInLog = 0;
		};
/* End PBXShellScriptBuildPhase section */

/* Begin PBXSourcesBuildPhase section */
		65AB0DCB27C94CB3002957EA /* Sources */ = {
			isa = PBXSourcesBuildPhase;
			buildActionMask = 2147483647;
			files = (
				65AB0DD727C94CB3002957EA /* ViewController.swift in Sources */,
				65AB0DD327C94CB3002957EA /* AppDelegate.swift in Sources */,
				659384BB27D29E390068447C /* MovieDetailsViewController.swift in Sources */,
				65AB0DD527C94CB3002957EA /* SceneDelegate.swift in Sources */,
				659384BF27D2B67D0068447C /* MovieGridCell.swift in Sources */,
				65AB0E0727C96B79002957EA /* MovieCell.swift in Sources */,
				65AB0E0527C95EBE002957EA /* MoviesViewController.swift in Sources */,
				659384BD27D2AD2D0068447C /* MovieGirdViewController.swift in Sources */,
			);
			runOnlyForDeploymentPostprocessing = 0;
		};
		65AB0DE127C94CB5002957EA /* Sources */ = {
			isa = PBXSourcesBuildPhase;
			buildActionMask = 2147483647;
			files = (
				65AB0DEA27C94CB5002957EA /* HuiyuGuan_Assignment_1Tests.swift in Sources */,
			);
			runOnlyForDeploymentPostprocessing = 0;
		};
		65AB0DEB27C94CB5002957EA /* Sources */ = {
			isa = PBXSourcesBuildPhase;
			buildActionMask = 2147483647;
			files = (
				65AB0DF427C94CB5002957EA /* HuiyuGuan_Assignment_1UITests.swift in Sources */,
				65AB0DF627C94CB5002957EA /* HuiyuGuan_Assignment_1UITestsLaunchTests.swift in Sources */,
			);
			runOnlyForDeploymentPostprocessing = 0;
		};
/* End PBXSourcesBuildPhase section */

/* Begin PBXTargetDependency section */
		65AB0DE727C94CB5002957EA /* PBXTargetDependency */ = {
			isa = PBXTargetDependency;
			target = 65AB0DCE27C94CB3002957EA /* HuiyuGuan Assignment 1 */;
			targetProxy = 65AB0DE627C94CB5002957EA /* PBXContainerItemProxy */;
		};
		65AB0DF127C94CB5002957EA /* PBXTargetDependency */ = {
			isa = PBXTargetDependency;
			target = 65AB0DCE27C94CB3002957EA /* HuiyuGuan Assignment 1 */;
			targetProxy = 65AB0DF027C94CB5002957EA /* PBXContainerItemProxy */;
		};
/* End PBXTargetDependency section */

/* Begin PBXVariantGroup section */
		65AB0DD827C94CB3002957EA /* Main.storyboard */ = {
			isa = PBXVariantGroup;
			children = (
				65AB0DD927C94CB3002957EA /* Base */,
			);
			name = Main.storyboard;
			sourceTree = "<group>";
		};
		65AB0DDD27C94CB5002957EA /* LaunchScreen.storyboard */ = {
			isa = PBXVariantGroup;
			children = (
				65AB0DDE27C94CB5002957EA /* Base */,
			);
			name = LaunchScreen.storyboard;
			sourceTree = "<group>";
		};
/* End PBXVariantGroup section */

/* Begin XCBuildConfiguration section */
		65AB0DF727C94CB5002957EA /* Debug */ = {
			isa = XCBuildConfiguration;
			buildSettings = {
				ALWAYS_SEARCH_USER_PATHS = NO;
				CLANG_ANALYZER_NONNULL = YES;
				CLANG_ANALYZER_NUMBER_OBJECT_CONVERSION = YES_AGGRESSIVE;
				CLANG_CXX_LANGUAGE_STANDARD = "gnu++17";
				CLANG_CXX_LIBRARY = "libc++";
				CLANG_ENABLE_MODULES = YES;
				CLANG_ENABLE_OBJC_ARC = YES;
				CLANG_ENABLE_OBJC_WEAK = YES;
				CLANG_WARN_BLOCK_CAPTURE_AUTORELEASING = YES;
				CLANG_WARN_BOOL_CONVERSION = YES;
				CLANG_WARN_COMMA = YES;
				CLANG_WARN_CONSTANT_CONVERSION = YES;
				CLANG_WARN_DEPRECATED_OBJC_IMPLEMENTATIONS = YES;
				CLANG_WARN_DIRECT_OBJC_ISA_USAGE = YES_ERROR;
				CLANG_WARN_DOCUMENTATION_COMMENTS = YES;
				CLANG_WARN_EMPTY_BODY = YES;
				CLANG_WARN_ENUM_CONVERSION = YES;
				CLANG_WARN_INFINITE_RECURSION = YES;
				CLANG_WARN_INT_CONVERSION = YES;
				CLANG_WARN_NON_LITERAL_NULL_CONVERSION = YES;
				CLANG_WARN_OBJC_IMPLICIT_RETAIN_SELF = YES;
				CLANG_WARN_OBJC_LITERAL_CONVERSION = YES;
				CLANG_WARN_OBJC_ROOT_CLASS = YES_ERROR;
				CLANG_WARN_QUOTED_INCLUDE_IN_FRAMEWORK_HEADER = YES;
				CLANG_WARN_RANGE_LOOP_ANALYSIS = YES;
				CLANG_WARN_STRICT_PROTOTYPES = YES;
				CLANG_WARN_SUSPICIOUS_MOVE = YES;
				CLANG_WARN_UNGUARDED_AVAILABILITY = YES_AGGRESSIVE;
				CLANG_WARN_UNREACHABLE_CODE = YES;
				CLANG_WARN__DUPLICATE_METHOD_MATCH = YES;
				COPY_PHASE_STRIP = NO;
				DEBUG_INFORMATION_FORMAT = dwarf;
				ENABLE_STRICT_OBJC_MSGSEND = YES;
				ENABLE_TESTABILITY = YES;
				GCC_C_LANGUAGE_STANDARD = gnu11;
				GCC_DYNAMIC_NO_PIC = NO;
				GCC_NO_COMMON_BLOCKS = YES;
				GCC_OPTIMIZATION_LEVEL = 0;
				GCC_PREPROCESSOR_DEFINITIONS = (
					"DEBUG=1",
					"$(inherited)",
				);
				GCC_WARN_64_TO_32_BIT_CONVERSION = YES;
				GCC_WARN_ABOUT_RETURN_TYPE = YES_ERROR;
				GCC_WARN_UNDECLARED_SELECTOR = YES;
				GCC_WARN_UNINITIALIZED_AUTOS = YES_AGGRESSIVE;
				GCC_WARN_UNUSED_FUNCTION = YES;
				GCC_WARN_UNUSED_VARIABLE = YES;
				IPHONEOS_DEPLOYMENT_TARGET = 15.2;
				MTL_ENABLE_DEBUG_INFO = INCLUDE_SOURCE;
				MTL_FAST_MATH = YES;
				ONLY_ACTIVE_ARCH = YES;
				SDKROOT = iphoneos;
				SWIFT_ACTIVE_COMPILATION_CONDITIONS = DEBUG;
				SWIFT_OPTIMIZATION_LEVEL = "-Onone";
			};
			name = Debug;
		};
		65AB0DF827C94CB5002957EA /* Release */ = {
			isa = XCBuildConfiguration;
			buildSettings = {
				ALWAYS_SEARCH_USER_PATHS = NO;
				CLANG_ANALYZER_NONNULL = YES;
				CLANG_ANALYZER_NUMBER_OBJECT_CONVERSION = YES_AGGRESSIVE;
				CLANG_CXX_LANGUAGE_STANDARD = "gnu++17";
				CLANG_CXX_LIBRARY = "libc++";
				CLANG_ENABLE_MODULES = YES;
				CLANG_ENABLE_OBJC_ARC = YES;
				CLANG_ENABLE_OBJC_WEAK = YES;
				CLANG_WARN_BLOCK_CAPTURE_AUTORELEASING = YES;
				CLANG_WARN_BOOL_CONVERSION = YES;
				CLANG_WARN_COMMA = YES;
				CLANG_WARN_CONSTANT_CONVERSION = YES;
				CLANG_WARN_DEPRECATED_OBJC_IMPLEMENTATIONS = YES;
				CLANG_WARN_DIRECT_OBJC_ISA_USAGE = YES_ERROR;
				CLANG_WARN_DOCUMENTATION_COMMENTS = YES;
				CLANG_WARN_EMPTY_BODY = YES;
				CLANG_WARN_ENUM_CONVERSION = YES;
				CLANG_WARN_INFINITE_RECURSION = YES;
				CLANG_WARN_INT_CONVERSION = YES;
				CLANG_WARN_NON_LITERAL_NULL_CONVERSION = YES;
				CLANG_WARN_OBJC_IMPLICIT_RETAIN_SELF = YES;
				CLANG_WARN_OBJC_LITERAL_CONVERSION = YES;
				CLANG_WARN_OBJC_ROOT_CLASS = YES_ERROR;
				CLANG_WARN_QUOTED_INCLUDE_IN_FRAMEWORK_HEADER = YES;
				CLANG_WARN_RANGE_LOOP_ANALYSIS = YES;
				CLANG_WARN_STRICT_PROTOTYPES = YES;
				CLANG_WARN_SUSPICIOUS_MOVE = YES;
				CLANG_WARN_UNGUARDED_AVAILABILITY = YES_AGGRESSIVE;
				CLANG_WARN_UNREACHABLE_CODE = YES;
				CLANG_WARN__DUPLICATE_METHOD_MATCH = YES;
				COPY_PHASE_STRIP = NO;
				DEBUG_INFORMATION_FORMAT = "dwarf-with-dsym";
				ENABLE_NS_ASSERTIONS = NO;
				ENABLE_STRICT_OBJC_MSGSEND = YES;
				GCC_C_LANGUAGE_STANDARD = gnu11;
				GCC_NO_COMMON_BLOCKS = YES;
				GCC_WARN_64_TO_32_BIT_CONVERSION = YES;
				GCC_WARN_ABOUT_RETURN_TYPE = YES_ERROR;
				GCC_WARN_UNDECLARED_SELECTOR = YES;
				GCC_WARN_UNINITIALIZED_AUTOS = YES_AGGRESSIVE;
				GCC_WARN_UNUSED_FUNCTION = YES;
				GCC_WARN_UNUSED_VARIABLE = YES;
				IPHONEOS_DEPLOYMENT_TARGET = 15.2;
				MTL_ENABLE_DEBUG_INFO = NO;
				MTL_FAST_MATH = YES;
				SDKROOT = iphoneos;
				SWIFT_COMPILATION_MODE = wholemodule;
				SWIFT_OPTIMIZATION_LEVEL = "-O";
				VALIDATE_PRODUCT = YES;
			};
			name = Release;
		};
		65AB0DFA27C94CB5002957EA /* Debug */ = {
			isa = XCBuildConfiguration;
			baseConfigurationReference = DDFC1016304FB0D32AEF33C2 /* Pods-HuiyuGuan Assignment 1.debug.xcconfig */;
			buildSettings = {
				ASSETCATALOG_COMPILER_APPICON_NAME = AppIcon;
				ASSETCATALOG_COMPILER_GLOBAL_ACCENT_COLOR_NAME = AccentColor;
				CODE_SIGN_STYLE = Automatic;
				CURRENT_PROJECT_VERSION = 1;
				DEVELOPMENT_TEAM = 9PT9Y28877;
				GENERATE_INFOPLIST_FILE = YES;
				INFOPLIST_FILE = "HuiyuGuan Assignment 1/Info.plist";
				INFOPLIST_KEY_UIApplicationSupportsIndirectInputEvents = YES;
				INFOPLIST_KEY_UILaunchStoryboardName = LaunchScreen;
				INFOPLIST_KEY_UIMainStoryboardFile = Main;
				INFOPLIST_KEY_UISupportedInterfaceOrientations_iPad = "UIInterfaceOrientationPortrait UIInterfaceOrientationPortraitUpsideDown UIInterfaceOrientationLandscapeLeft UIInterfaceOrientationLandscapeRight";
				INFOPLIST_KEY_UISupportedInterfaceOrientations_iPhone = "UIInterfaceOrientationPortrait UIInterfaceOrientationLandscapeLeft UIInterfaceOrientationLandscapeRight";
				LD_RUNPATH_SEARCH_PATHS = (
					"$(inherited)",
					"@executable_path/Frameworks",
				);
				MARKETING_VERSION = 1.0;
				PRODUCT_BUNDLE_IDENTIFIER = "com.codepath.HuiyuGuan-Assignment1";
				PRODUCT_NAME = "$(TARGET_NAME)";
				SWIFT_EMIT_LOC_STRINGS = YES;
				SWIFT_VERSION = 5.0;
				TARGETED_DEVICE_FAMILY = "1,2";
			};
			name = Debug;
		};
		65AB0DFB27C94CB5002957EA /* Release */ = {
			isa = XCBuildConfiguration;
			baseConfigurationReference = 5DDA93BC65D034CD21A77A85 /* Pods-HuiyuGuan Assignment 1.release.xcconfig */;
			buildSettings = {
				ASSETCATALOG_COMPILER_APPICON_NAME = AppIcon;
				ASSETCATALOG_COMPILER_GLOBAL_ACCENT_COLOR_NAME = AccentColor;
				CODE_SIGN_STYLE = Automatic;
				CURRENT_PROJECT_VERSION = 1;
				DEVELOPMENT_TEAM = 9PT9Y28877;
				GENERATE_INFOPLIST_FILE = YES;
				INFOPLIST_FILE = "HuiyuGuan Assignment 1/Info.plist";
				INFOPLIST_KEY_UIApplicationSupportsIndirectInputEvents = YES;
				INFOPLIST_KEY_UILaunchStoryboardName = LaunchScreen;
				INFOPLIST_KEY_UIMainStoryboardFile = Main;
				INFOPLIST_KEY_UISupportedInterfaceOrientations_iPad = "UIInterfaceOrientationPortrait UIInterfaceOrientationPortraitUpsideDown UIInterfaceOrientationLandscapeLeft UIInterfaceOrientationLandscapeRight";
				INFOPLIST_KEY_UISupportedInterfaceOrientations_iPhone = "UIInterfaceOrientationPortrait UIInterfaceOrientationLandscapeLeft UIInterfaceOrientationLandscapeRight";
				LD_RUNPATH_SEARCH_PATHS = (
					"$(inherited)",
					"@executable_path/Frameworks",
				);
				MARKETING_VERSION = 1.0;
				PRODUCT_BUNDLE_IDENTIFIER = "com.codepath.HuiyuGuan-Assignment1";
				PRODUCT_NAME = "$(TARGET_NAME)";
				SWIFT_EMIT_LOC_STRINGS = YES;
				SWIFT_VERSION = 5.0;
				TARGETED_DEVICE_FAMILY = "1,2";
			};
			name = Release;
		};
		65AB0DFD27C94CB5002957EA /* Debug */ = {
			isa = XCBuildConfiguration;
			baseConfigurationReference = 0547FCA2F099B875FD92B831 /* Pods-HuiyuGuan Assignment 1Tests.debug.xcconfig */;
			buildSettings = {
				ALWAYS_EMBED_SWIFT_STANDARD_LIBRARIES = YES;
				BUNDLE_LOADER = "$(TEST_HOST)";
				CODE_SIGN_STYLE = Automatic;
				CURRENT_PROJECT_VERSION = 1;
				DEVELOPMENT_TEAM = 9PT9Y28877;
				GENERATE_INFOPLIST_FILE = YES;
				IPHONEOS_DEPLOYMENT_TARGET = 15.2;
				MARKETING_VERSION = 1.0;
				PRODUCT_BUNDLE_IDENTIFIER = "com.codepath.HuiyuGuan-Assignment-1Tests";
				PRODUCT_NAME = "$(TARGET_NAME)";
				SWIFT_EMIT_LOC_STRINGS = NO;
				SWIFT_VERSION = 5.0;
				TARGETED_DEVICE_FAMILY = "1,2";
				TEST_HOST = "$(BUILT_PRODUCTS_DIR)/HuiyuGuan Assignment 1.app/HuiyuGuan Assignment 1";
			};
			name = Debug;
		};
		65AB0DFE27C94CB5002957EA /* Release */ = {
			isa = XCBuildConfiguration;
			baseConfigurationReference = 7204F1ED85A6DB8B3E89EF16 /* Pods-HuiyuGuan Assignment 1Tests.release.xcconfig */;
			buildSettings = {
				ALWAYS_EMBED_SWIFT_STANDARD_LIBRARIES = YES;
				BUNDLE_LOADER = "$(TEST_HOST)";
				CODE_SIGN_STYLE = Automatic;
				CURRENT_PROJECT_VERSION = 1;
				DEVELOPMENT_TEAM = 9PT9Y28877;
				GENERATE_INFOPLIST_FILE = YES;
				IPHONEOS_DEPLOYMENT_TARGET = 15.2;
				MARKETING_VERSION = 1.0;
				PRODUCT_BUNDLE_IDENTIFIER = "com.codepath.HuiyuGuan-Assignment-1Tests";
				PRODUCT_NAME = "$(TARGET_NAME)";
				SWIFT_EMIT_LOC_STRINGS = NO;
				SWIFT_VERSION = 5.0;
				TARGETED_DEVICE_FAMILY = "1,2";
				TEST_HOST = "$(BUILT_PRODUCTS_DIR)/HuiyuGuan Assignment 1.app/HuiyuGuan Assignment 1";
			};
			name = Release;
		};
		65AB0E0027C94CB5002957EA /* Debug */ = {
			isa = XCBuildConfiguration;
			baseConfigurationReference = 45971FDD4168F34E866BA1AA /* Pods-HuiyuGuan Assignment 1-HuiyuGuan Assignment 1UITests.debug.xcconfig */;
			buildSettings = {
				ALWAYS_EMBED_SWIFT_STANDARD_LIBRARIES = YES;
				CODE_SIGN_STYLE = Automatic;
				CURRENT_PROJECT_VERSION = 1;
				DEVELOPMENT_TEAM = 9PT9Y28877;
				GENERATE_INFOPLIST_FILE = YES;
				MARKETING_VERSION = 1.0;
				PRODUCT_BUNDLE_IDENTIFIER = "com.codepath.HuiyuGuan-Assignment-1UITests";
				PRODUCT_NAME = "$(TARGET_NAME)";
				SWIFT_EMIT_LOC_STRINGS = NO;
				SWIFT_VERSION = 5.0;
				TARGETED_DEVICE_FAMILY = "1,2";
				TEST_TARGET_NAME = "HuiyuGuan Assignment 1";
			};
			name = Debug;
		};
		65AB0E0127C94CB5002957EA /* Release */ = {
			isa = XCBuildConfiguration;
			baseConfigurationReference = 9336D1BD9F7CBE0CA4382120 /* Pods-HuiyuGuan Assignment 1-HuiyuGuan Assignment 1UITests.release.xcconfig */;
			buildSettings = {
				ALWAYS_EMBED_SWIFT_STANDARD_LIBRARIES = YES;
				CODE_SIGN_STYLE = Automatic;
				CURRENT_PROJECT_VERSION = 1;
				DEVELOPMENT_TEAM = 9PT9Y28877;
				GENERATE_INFOPLIST_FILE = YES;
				MARKETING_VERSION = 1.0;
				PRODUCT_BUNDLE_IDENTIFIER = "com.codepath.HuiyuGuan-Assignment-1UITests";
				PRODUCT_NAME = "$(TARGET_NAME)";
				SWIFT_EMIT_LOC_STRINGS = NO;
				SWIFT_VERSION = 5.0;
				TARGETED_DEVICE_FAMILY = "1,2";
				TEST_TARGET_NAME = "HuiyuGuan Assignment 1";
			};
			name = Release;
		};
/* End XCBuildConfiguration section */

/* Begin XCConfigurationList section */
		65AB0DCA27C94CB3002957EA /* Build configuration list for PBXProject "HuiyuGuan Assignment 1" */ = {
			isa = XCConfigurationList;
			buildConfigurations = (
				65AB0DF727C94CB5002957EA /* Debug */,
				65AB0DF827C94CB5002957EA /* Release */,
			);
			defaultConfigurationIsVisible = 0;
			defaultConfigurationName = Release;
		};
		65AB0DF927C94CB5002957EA /* Build configuration list for PBXNativeTarget "HuiyuGuan Assignment 1" */ = {
			isa = XCConfigurationList;
			buildConfigurations = (
				65AB0DFA27C94CB5002957EA /* Debug */,
				65AB0DFB27C94CB5002957EA /* Release */,
			);
			defaultConfigurationIsVisible = 0;
			defaultConfigurationName = Release;
		};
		65AB0DFC27C94CB5002957EA /* Build configuration list for PBXNativeTarget "HuiyuGuan Assignment 1Tests" */ = {
			isa = XCConfigurationList;
			buildConfigurations = (
				65AB0DFD27C94CB5002957EA /* Debug */,
				65AB0DFE27C94CB5002957EA /* Release */,
			);
			defaultConfigurationIsVisible = 0;
			defaultConfigurationName = Release;
		};
		65AB0DFF27C94CB5002957EA /* Build configuration list for PBXNativeTarget "HuiyuGuan Assignment 1UITests" */ = {
			isa = XCConfigurationList;
			buildConfigurations = (
				65AB0E0027C94CB5002957EA /* Debug */,
				65AB0E0127C94CB5002957EA /* Release */,
			);
			defaultConfigurationIsVisible = 0;
			defaultConfigurationName = Release;
		};
/* End XCConfigurationList section */

/* Begin XCRemoteSwiftPackageReference section */
		65AB0E0827C973C9002957EA /* XCRemoteSwiftPackageReference "AlamofireImage" */ = {
			isa = XCRemoteSwiftPackageReference;
			repositoryURL = "https://github.com/Alamofire/AlamofireImage";
			requirement = {
				kind = upToNextMajorVersion;
				minimumVersion = 4.0.0;
			};
		};
/* End XCRemoteSwiftPackageReference section */

/* Begin XCSwiftPackageProductDependency section */
		65AB0E0927C973C9002957EA /* AlamofireImage */ = {
			isa = XCSwiftPackageProductDependency;
			package = 65AB0E0827C973C9002957EA /* XCRemoteSwiftPackageReference "AlamofireImage" */;
			productName = AlamofireImage;
		};
/* End XCSwiftPackageProductDependency section */
	};
	rootObject = 65AB0DC727C94CB3002957EA /* Project object */;
}
