// !$*UTF8*$!
{
	archiveVersion = 1;
	classes = {
	};
	objectVersion = 55;
	objects = {

/* Begin PBXBuildFile section */
		65AB0DD327C94CB3002957EA /* AppDelegate.swift in Sources */ = {isa = PBXBuildFile; fileRef = 65AB0DD227C94CB3002957EA /* AppDelegate.swift */; };
		65AB0DD527C94CB3002957EA /* SceneDelegate.swift in Sources */ = {isa = PBXBuildFile; fileRef = 65AB0DD427C94CB3002957EA /* SceneDelegate.swift */; };
		65AB0DD727C94CB3002957EA /* ViewController.swift in Sources */ = {isa = PBXBuildFile; fileRef = 65AB0DD627C94CB3002957EA /* ViewController.swift */; };
		65AB0DDA27C94CB3002957EA /* Main.storyboard in Resources */ = {isa = PBXBuildFile; fileRef = 65AB0DD827C94CB3002957EA /* Main.storyboard */; };
		65AB0DDC27C94CB5002957EA /* Assets.xcassets in Resources */ = {isa = PBXBuildFile; fileRef = 65AB0DDB27C94CB5002957EA /* Assets.xcassets */; };
		65AB0DDF27C94CB5002957EA /* LaunchScreen.storyboard in Resources */ = {isa = PBXBuildFile; fileRef = 65AB0DDD27C94CB5002957EA /* LaunchScreen.storyboard */; };
		65AB0DEA27C94CB5002957EA /* HuiyuGuan_Assignment_1Tests.swift in Sources */ = {isa = PBXBuildFile; fileRef = 65AB0DE927C94CB5002957EA /* HuiyuGuan_Assignment_1Tests.swift */; };
		65AB0DF427C94CB5002957EA /* HuiyuGuan_Assignment_1UITests.swift in Sources */ = {isa = PBXBuildFile; fileRef = 65AB0DF327C94CB5002957EA /* HuiyuGuan_Assignment_1UITests.swift */; };
		65AB0DF627C94CB5002957EA /* HuiyuGuan_Assignment_1UITestsLaunchTests.swift in Sources */ = {isa = PBXBuildFile; fileRef = 65AB0DF527C94CB5002957EA /* HuiyuGuan_Assignment_1UITestsLaunchTests.swift */; };
/* End PBXBuildFile section */

/* Begin PBXContainerItemProxy section */
		65AB0DE627C94CB5002957EA /* PBXContainerItemProxy */ = {
			isa = PBXContainerItemProxy;
			containerPortal = 65AB0DC727C94CB3002957EA /* Project object */;
			proxyType = 1;
			remoteGlobalIDString = 65AB0DCE27C94CB3002957EA;
			remoteInfo = "HuiyuGuan Assignment 1";
		};
		65AB0DF027C94CB5002957EA /* PBXContainerItemProxy */ = {
			isa = PBXContainerItemProxy;
			containerPortal = 65AB0DC727C94CB3002957EA /* Project object */;
			proxyType = 1;
			remoteGlobalIDString = 65AB0DCE27C94CB3002957EA;
			remoteInfo = "HuiyuGuan Assignment 1";
		};
/* End PBXContainerItemProxy section */

/* Begin PBXFileReference section */
		65AB0DCF27C94CB3002957EA /* HuiyuGuan Assignment 1.app */ = {isa = PBXFileReference; explicitFileType = wrapper.application; includeInIndex = 0; path = "HuiyuGuan Assignment 1.app"; sourceTree = BUILT_PRODUCTS_DIR; };
		65AB0DD227C94CB3002957EA /* AppDelegate.swift */ = {isa = PBXFileReference; lastKnownFileType = sourcecode.swift; path = AppDelegate.swift; sourceTree = "<group>"; };
		65AB0DD427C94CB3002957EA /* SceneDelegate.swift */ = {isa = PBXFileReference; lastKnownFileType = sourcecode.swift; path = SceneDelegate.swift; sourceTree = "<group>"; };
		65AB0DD627C94CB3002957EA /* ViewController.swift */ = {isa = PBXFileReference; lastKnownFileType = sourcecode.swift; path = ViewController.swift; sourceTree = "<group>"; };
		65AB0DD927C94CB3002957EA /* Base */ = {isa = PBXFileReference; lastKnownFileType = file.storyboard; name = Base; path = Base.lproj/Main.storyboard; sourceTree = "<group>"; };
		65AB0DDB27C94CB5002957EA /* Assets.xcassets */ = {isa = PBXFileReference; lastKnownFileType = folder.assetcatalog; path = Assets.xcassets; sourceTree = "<group>"; };
		65AB0DDE27C94CB5002957EA /* Base */ = {isa = PBXFileReference; lastKnownFileType = file.storyboard; name = Base; path = Base.lproj/LaunchScreen.storyboard; sourceTree = "<group>"; };
		65AB0DE027C94CB5002957EA /* Info.plist */ = {isa = PBXFileReference; lastKnownFileType = text.plist.xml; path = Info.plist; sourceTree = "<group>"; };
		65AB0DE527C94CB5002957EA /* HuiyuGuan Assignment 1Tests.xctest */ = {isa = PBXFileReference; explicitFileType = wrapper.cfbundle; includeInIndex = 0; path = "HuiyuGuan Assignment 1Tests.xctest"; sourceTree = BUILT_PRODUCTS_DIR; };
		65AB0DE927C94CB5002957EA /* HuiyuGuan_Assignment_1Tests.swift */ = {isa = PBXFileReference; lastKnownFileType = sourcecode.swift; path = HuiyuGuan_Assignment_1Tests.swift; sourceTree = "<group>"; };
		65AB0DEF27C94CB5002957EA /* HuiyuGuan Assignment 1UITests.xctest */ = {isa = PBXFileReference; explicitFileType = wrapper.cfbundle; includeInIndex = 0; path = "HuiyuGuan Assignment 1UITests.xctest"; sourceTree = BUILT_PRODUCTS_DIR; };
		65AB0DF327C94CB5002957EA /* HuiyuGuan_Assignment_1UITests.swift */ = {isa = PBXFileReference; lastKnownFileType = sourcecode.swift; path = HuiyuGuan_Assignment_1UITests.swift; sourceTree = "<group>"; };
		65AB0DF527C94CB5002957EA /* HuiyuGuan_Assignment_1UITestsLaunchTests.swift */ = {isa = PBXFileReference; lastKnownFileType = sourcecode.swift; path = HuiyuGuan_Assignment_1UITestsLaunchTests.swift; sourceTree = "<group>"; };
/* End PBXFileReference section */

/* Begin PBXFrameworksBuildPhase section */
		65AB0DCC27C94CB3002957EA /* Frameworks */ = {
			isa = PBXFrameworksBuildPhase;
			buildActionMask = 2147483647;
			files = (
			);
			runOnlyForDeploymentPostprocessing = 0;
		};
		65AB0DE227C94CB5002957EA /* Frameworks */ = {
			isa = PBXFrameworksBuildPhase;
			buildActionMask = 2147483647;
			files = (
			);
			runOnlyForDeploymentPostprocessing = 0;
		};
		65AB0DEC27C94CB5002957EA /* Frameworks */ = {
			isa = PBXFrameworksBuildPhase;
			buildActionMask = 2147483647;
			files = (
			);
			runOnlyForDeploymentPostprocessing = 0;
		};
/* End PBXFrameworksBuildPhase section */

/* Begin PBXGroup section */
		65AB0DC627C94CB3002957EA = {
			isa = PBXGroup;
			children = (
				65AB0DD127C94CB3002957EA /* HuiyuGuan Assignment 1 */,
				65AB0DE827C94CB5002957EA /* HuiyuGuan Assignment 1Tests */,
				65AB0DF227C94CB5002957EA /* HuiyuGuan Assignment 1UITests */,
				65AB0DD027C94CB3002957EA /* Products */,
			);
			sourceTree = "<group>";
		};
		65AB0DD027C94CB3002957EA /* Products */ = {
			isa = PBXGroup;
			children = (
				65AB0DCF27C94CB3002957EA /* HuiyuGuan Assignment 1.app */,
				65AB0DE527C94CB5002957EA /* HuiyuGuan Assignment 1Tests.xctest */,
				65AB0DEF27C94CB5002957EA /* HuiyuGuan Assignment 1UITests.xctest */,
			);
			name = Products;
			sourceTree = "<group>";
		};
		65AB0DD127C94CB3002957EA /* HuiyuGuan Assignment 1 */ = {
			isa = PBXGroup;
			children = (
				65AB0DD227C94CB3002957EA /* AppDelegate.swift */,
				65AB0DD427C94CB3002957EA /* SceneDelegate.swift */,
				65AB0DD627C94CB3002957EA /* ViewController.swift */,
				65AB0DD827C94CB3002957EA /* Main.storyboard */,
				65AB0DDB27C94CB5002957EA /* Assets.xcassets */,
				65AB0DDD27C94CB5002957EA /* LaunchScreen.storyboard */,
				65AB0DE027C94CB5002957EA /* Info.plist */,
			);
			path = "HuiyuGuan Assignment 1";
			sourceTree = "<group>";
		};
		65AB0DE827C94CB5002957EA /* HuiyuGuan Assignment 1Tests */ = {
			isa = PBXGroup;
			children = (
				65AB0DE927C94CB5002957EA /* HuiyuGuan_Assignment_1Tests.swift */,
			);
			path = "HuiyuGuan Assignment 1Tests";
			sourceTree = "<group>";
		};
		65AB0DF227C94CB5002957EA /* HuiyuGuan Assignment 1UITests */ = {
			isa = PBXGroup;
			children = (
				65AB0DF327C94CB5002957EA /* HuiyuGuan_Assignment_1UITests.swift */,
				65AB0DF527C94CB5002957EA /* HuiyuGuan_Assignment_1UITestsLaunchTests.swift */,
			);
			path = "HuiyuGuan Assignment 1UITests";
			sourceTree = "<group>";
		};
/* End PBXGroup section */

/* Begin PBXNativeTarget section */
		65AB0DCE27C94CB3002957EA /* HuiyuGuan Assignment 1 */ = {
			isa = PBXNativeTarget;
			buildConfigurationList = 65AB0DF927C94CB5002957EA /* Build configuration list for PBXNativeTarget "HuiyuGuan Assignment 1" */;
			buildPhases = (
				65AB0DCB27C94CB3002957EA /* Sources */,
				65AB0DCC27C94CB3002957EA /* Frameworks */,
				65AB0DCD27C94CB3002957EA /* Resources */,
			);
			buildRules = (
			);
			dependencies = (
			);
			name = "HuiyuGuan Assignment 1";
			productName = "HuiyuGuan Assignment 1";
			productReference = 65AB0DCF27C94CB3002957EA /* HuiyuGuan Assignment 1.app */;
			productType = "com.apple.product-type.application";
		};
		65AB0DE427C94CB5002957EA /* HuiyuGuan Assignment 1Tests */ = {
			isa = PBXNativeTarget;
			buildConfigurationList = 65AB0DFC27C94CB5002957EA /* Build configuration list for PBXNativeTarget "HuiyuGuan Assignment 1Tests" */;
			buildPhases = (
				65AB0DE127C94CB5002957EA /* Sources */,
				65AB0DE227C94CB5002957EA /* Frameworks */,
				65AB0DE327C94CB5002957EA /* Resources */,
			);
			buildRules = (
			);
			dependencies = (
				65AB0DE727C94CB5002957EA /* PBXTargetDependency */,
			);
			name = "HuiyuGuan Assignment 1Tests";
			productName = "HuiyuGuan Assignment 1Tests";
			productReference = 65AB0DE527C94CB5002957EA /* HuiyuGuan Assignment 1Tests.xctest */;
			productType = "com.apple.product-type.bundle.unit-test";
		};
		65AB0DEE27C94CB5002957EA /* HuiyuGuan Assignment 1UITests */ = {
			isa = PBXNativeTarget;
			buildConfigurationList = 65AB0DFF27C94CB5002957EA /* Build configuration list for PBXNativeTarget "HuiyuGuan Assignment 1UITests" */;
			buildPhases = (
				65AB0DEB27C94CB5002957EA /* Sources */,
				65AB0DEC27C94CB5002957EA /* Frameworks */,
				65AB0DED27C94CB5002957EA /* Resources */,
			);
			buildRules = (
			);
			dependencies = (
				65AB0DF127C94CB5002957EA /* PBXTargetDependency */,
			);
			name = "HuiyuGuan Assignment 1UITests";
			productName = "HuiyuGuan Assignment 1UITests";
			productReference = 65AB0DEF27C94CB5002957EA /* HuiyuGuan Assignment 1UITests.xctest */;
			productType = "com.apple.product-type.bundle.ui-testing";
		};
/* End PBXNativeTarget section */

/* Begin PBXProject section */
		65AB0DC727C94CB3002957EA /* Project object */ = {
			isa = PBXProject;
			attributes = {
				BuildIndependentTargetsInParallel = 1;
				LastSwiftUpdateCheck = 1320;
				LastUpgradeCheck = 1320;
				TargetAttributes = {
					65AB0DCE27C94CB3002957EA = {
						CreatedOnToolsVersion = 13.2.1;
					};
					65AB0DE427C94CB5002957EA = {
						CreatedOnToolsVersion = 13.2.1;
						TestTargetID = 65AB0DCE27C94CB3002957EA;
					};
					65AB0DEE27C94CB5002957EA = {
						CreatedOnToolsVersion = 13.2.1;
						TestTargetID = 65AB0DCE27C94CB3002957EA;
					};
				};
			};
			buildConfigurationList = 65AB0DCA27C94CB3002957EA /* Build configuration list for PBXProject "HuiyuGuan Assignment 1" */;
			compatibilityVersion = "Xcode 13.0";
			developmentRegion = en;
			hasScannedForEncodings = 0;
			knownRegions = (
				en,
				Base,
			);
			mainGroup = 65AB0DC627C94CB3002957EA;
			productRefGroup = 65AB0DD027C94CB3002957EA /* Products */;
			projectDirPath = "";
			projectRoot = "";
			targets = (
				65AB0DCE27C94CB3002957EA /* HuiyuGuan Assignment 1 */,
				65AB0DE427C94CB5002957EA /* HuiyuGuan Assignment 1Tests */,
				65AB0DEE27C94CB5002957EA /* HuiyuGuan Assignment 1UITests */,
			);
		};
/* End PBXProject section */

/* Begin PBXResourcesBuildPhase section */
		65AB0DCD27C94CB3002957EA /* Resources */ = {
			isa = PBXResourcesBuildPhase;
			buildActionMask = 2147483647;
			files = (
				65AB0DDF27C94CB5002957EA /* LaunchScreen.storyboard in Resources */,
				65AB0DDC27C94CB5002957EA /* Assets.xcassets in Resources */,
				65AB0DDA27C94CB3002957EA /* Main.storyboard in Resources */,
			);
			runOnlyForDeploymentPostprocessing = 0;
		};
		65AB0DE327C94CB5002957EA /* Resources */ = {
			isa = PBXResourcesBuildPhase;
			buildActionMask = 2147483647;
			files = (
			);
			runOnlyForDeploymentPostprocessing = 0;
		};
		65AB0DED27C94CB5002957EA /* Resources */ = {
			isa = PBXResourcesBuildPhase;
			buildActionMask = 2147483647;
			files = (
			);
			runOnlyForDeploymentPostprocessing = 0;
		};
/* End PBXResourcesBuildPhase section */

/* Begin PBXSourcesBuildPhase section */
		65AB0DCB27C94CB3002957EA /* Sources */ = {
			isa = PBXSourcesBuildPhase;
			buildActionMask = 2147483647;
			files = (
				65AB0DD727C94CB3002957EA /* ViewController.swift in Sources */,
				65AB0DD327C94CB3002957EA /* AppDelegate.swift in Sources */,
				65AB0DD527C94CB3002957EA /* SceneDelegate.swift in Sources */,
			);
			runOnlyForDeploymentPostprocessing = 0;
		};
		65AB0DE127C94CB5002957EA /* Sources */ = {
			isa = PBXSourcesBuildPhase;
			buildActionMask = 2147483647;
			files = (
				65AB0DEA27C94CB5002957EA /* HuiyuGuan_Assignment_1Tests.swift in Sources */,
			);
			runOnlyForDeploymentPostprocessing = 0;
		};
		65AB0DEB27C94CB5002957EA /* Sources */ = {
			isa = PBXSourcesBuildPhase;
			buildActionMask = 2147483647;
			files = (
				65AB0DF427C94CB5002957EA /* HuiyuGuan_Assignment_1UITests.swift in Sources */,
				65AB0DF627C94CB5002957EA /* HuiyuGuan_Assignment_1UITestsLaunchTests.swift in Sources */,
			);
			runOnlyForDeploymentPostprocessing = 0;
		};
/* End PBXSourcesBuildPhase section */

/* Begin PBXTargetDependency section */
		65AB0DE727C94CB5002957EA /* PBXTargetDependency */ = {
			isa = PBXTargetDependency;
			target = 65AB0DCE27C94CB3002957EA /* HuiyuGuan Assignment 1 */;
			targetProxy = 65AB0DE627C94CB5002957EA /* PBXContainerItemProxy */;
		};
		65AB0DF127C94CB5002957EA /* PBXTargetDependency */ = {
			isa = PBXTargetDependency;
			target = 65AB0DCE27C94CB3002957EA /* HuiyuGuan Assignment 1 */;
			targetProxy = 65AB0DF027C94CB5002957EA /* PBXContainerItemProxy */;
		};
/* End PBXTargetDependency section */

/* Begin PBXVariantGroup section */
		65AB0DD827C94CB3002957EA /* Main.storyboard */ = {
			isa = PBXVariantGroup;
			children = (
				65AB0DD927C94CB3002957EA /* Base */,
			);
			name = Main.storyboard;
			sourceTree = "<group>";
		};
		65AB0DDD27C94CB5002957EA /* LaunchScreen.storyboard */ = {
			isa = PBXVariantGroup;
			children = (
				65AB0DDE27C94CB5002957EA /* Base */,
			);
			name = LaunchScreen.storyboard;
			sourceTree = "<group>";
		};
/* End PBXVariantGroup section */

/* Begin XCBuildConfiguration section */
		65AB0DF727C94CB5002957EA /* Debug */ = {
			isa = XCBuildConfiguration;
			buildSettings = {
				ALWAYS_SEARCH_USER_PATHS = NO;
				CLANG_ANALYZER_NONNULL = YES;
				CLANG_ANALYZER_NUMBER_OBJECT_CONVERSION = YES_AGGRESSIVE;
				CLANG_CXX_LANGUAGE_STANDARD = "gnu++17";
				CLANG_CXX_LIBRARY = "libc++";
				CLANG_ENABLE_MODULES = YES;
				CLANG_ENABLE_OBJC_ARC = YES;
				CLANG_ENABLE_OBJC_WEAK = YES;
				CLANG_WARN_BLOCK_CAPTURE_AUTORELEASING = YES;
				CLANG_WARN_BOOL_CONVERSION = YES;
				CLANG_WARN_COMMA = YES;
				CLANG_WARN_CONSTANT_CONVERSION = YES;
				CLANG_WARN_DEPRECATED_OBJC_IMPLEMENTATIONS = YES;
				CLANG_WARN_DIRECT_OBJC_ISA_USAGE = YES_ERROR;
				CLANG_WARN_DOCUMENTATION_COMMENTS = YES;
				CLANG_WARN_EMPTY_BODY = YES;
				CLANG_WARN_ENUM_CONVERSION = YES;
				CLANG_WARN_INFINITE_RECURSION = YES;
				CLANG_WARN_INT_CONVERSION = YES;
				CLANG_WARN_NON_LITERAL_NULL_CONVERSION = YES;
				CLANG_WARN_OBJC_IMPLICIT_RETAIN_SELF = YES;
				CLANG_WARN_OBJC_LITERAL_CONVERSION = YES;
				CLANG_WARN_OBJC_ROOT_CLASS = YES_ERROR;
				CLANG_WARN_QUOTED_INCLUDE_IN_FRAMEWORK_HEADER = YES;
				CLANG_WARN_RANGE_LOOP_ANALYSIS = YES;
				CLANG_WARN_STRICT_PROTOTYPES = YES;
				CLANG_WARN_SUSPICIOUS_MOVE = YES;
				CLANG_WARN_UNGUARDED_AVAILABILITY = YES_AGGRESSIVE;
				CLANG_WARN_UNREACHABLE_CODE = YES;
				CLANG_WARN__DUPLICATE_METHOD_MATCH = YES;
				COPY_PHASE_STRIP = NO;
				DEBUG_INFORMATION_FORMAT = dwarf;
				ENABLE_STRICT_OBJC_MSGSEND = YES;
				ENABLE_TESTABILITY = YES;
				GCC_C_LANGUAGE_STANDARD = gnu11;
				GCC_DYNAMIC_NO_PIC = NO;
				GCC_NO_COMMON_BLOCKS = YES;
				GCC_OPTIMIZATION_LEVEL = 0;
				GCC_PREPROCESSOR_DEFINITIONS = (
					"DEBUG=1",
					"$(inherited)",
				);
				GCC_WARN_64_TO_32_BIT_CONVERSION = YES;
				GCC_WARN_ABOUT_RETURN_TYPE = YES_ERROR;
				GCC_WARN_UNDECLARED_SELECTOR = YES;
				GCC_WARN_UNINITIALIZED_AUTOS = YES_AGGRESSIVE;
				GCC_WARN_UNUSED_FUNCTION = YES;
				GCC_WARN_UNUSED_VARIABLE = YES;
				IPHONEOS_DEPLOYMENT_TARGET = 15.2;
				MTL_ENABLE_DEBUG_INFO = INCLUDE_SOURCE;
				MTL_FAST_MATH = YES;
				ONLY_ACTIVE_ARCH = YES;
				SDKROOT = iphoneos;
				SWIFT_ACTIVE_COMPILATION_CONDITIONS = DEBUG;
				SWIFT_OPTIMIZATION_LEVEL = "-Onone";
			};
			name = Debug;
		};
		65AB0DF827C94CB5002957EA /* Release */ = {
			isa = XCBuildConfiguration;
			buildSettings = {
				ALWAYS_SEARCH_USER_PATHS = NO;
				CLANG_ANALYZER_NONNULL = YES;
				CLANG_ANALYZER_NUMBER_OBJECT_CONVERSION = YES_AGGRESSIVE;
				CLANG_CXX_LANGUAGE_STANDARD = "gnu++17";
				CLANG_CXX_LIBRARY = "libc++";
				CLANG_ENABLE_MODULES = YES;
				CLANG_ENABLE_OBJC_ARC = YES;
				CLANG_ENABLE_OBJC_WEAK = YES;
				CLANG_WARN_BLOCK_CAPTURE_AUTORELEASING = YES;
				CLANG_WARN_BOOL_CONVERSION = YES;
				CLANG_WARN_COMMA = YES;
				CLANG_WARN_CONSTANT_CONVERSION = YES;
				CLANG_WARN_DEPRECATED_OBJC_IMPLEMENTATIONS = YES;
				CLANG_WARN_DIRECT_OBJC_ISA_USAGE = YES_ERROR;
				CLANG_WARN_DOCUMENTATION_COMMENTS = YES;
				CLANG_WARN_EMPTY_BODY = YES;
				CLANG_WARN_ENUM_CONVERSION = YES;
				CLANG_WARN_INFINITE_RECURSION = YES;
				CLANG_WARN_INT_CONVERSION = YES;
				CLANG_WARN_NON_LITERAL_NULL_CONVERSION = YES;
				CLANG_WARN_OBJC_IMPLICIT_RETAIN_SELF = YES;
				CLANG_WARN_OBJC_LITERAL_CONVERSION = YES;
				CLANG_WARN_OBJC_ROOT_CLASS = YES_ERROR;
				CLANG_WARN_QUOTED_INCLUDE_IN_FRAMEWORK_HEADER = YES;
				CLANG_WARN_RANGE_LOOP_ANALYSIS = YES;
				CLANG_WARN_STRICT_PROTOTYPES = YES;
				CLANG_WARN_SUSPICIOUS_MOVE = YES;
				CLANG_WARN_UNGUARDED_AVAILABILITY = YES_AGGRESSIVE;
				CLANG_WARN_UNREACHABLE_CODE = YES;
				CLANG_WARN__DUPLICATE_METHOD_MATCH = YES;
				COPY_PHASE_STRIP = NO;
				DEBUG_INFORMATION_FORMAT = "dwarf-with-dsym";
				ENABLE_NS_ASSERTIONS = NO;
				ENABLE_STRICT_OBJC_MSGSEND = YES;
				GCC_C_LANGUAGE_STANDARD = gnu11;
				GCC_NO_COMMON_BLOCKS = YES;
				GCC_WARN_64_TO_32_BIT_CONVERSION = YES;
				GCC_WARN_ABOUT_RETURN_TYPE = YES_ERROR;
				GCC_WARN_UNDECLARED_SELECTOR = YES;
				GCC_WARN_UNINITIALIZED_AUTOS = YES_AGGRESSIVE;
				GCC_WARN_UNUSED_FUNCTION = YES;
				GCC_WARN_UNUSED_VARIABLE = YES;
				IPHONEOS_DEPLOYMENT_TARGET = 15.2;
				MTL_ENABLE_DEBUG_INFO = NO;
				MTL_FAST_MATH = YES;
				SDKROOT = iphoneos;
				SWIFT_COMPILATION_MODE = wholemodule;
				SWIFT_OPTIMIZATION_LEVEL = "-O";
				VALIDATE_PRODUCT = YES;
			};
			name = Release;
		};
		65AB0DFA27C94CB5002957EA /* Debug */ = {
			isa = XCBuildConfiguration;
			buildSettings = {
				ASSETCATALOG_COMPILER_APPICON_NAME = AppIcon;
				ASSETCATALOG_COMPILER_GLOBAL_ACCENT_COLOR_NAME = AccentColor;
				CODE_SIGN_STYLE = Automatic;
				CURRENT_PROJECT_VERSION = 1;
				DEVELOPMENT_TEAM = 9PT9Y28877;
				GENERATE_INFOPLIST_FILE = YES;
				INFOPLIST_FILE = "HuiyuGuan Assignment 1/Info.plist";
				INFOPLIST_KEY_UIApplicationSupportsIndirectInputEvents = YES;
				INFOPLIST_KEY_UILaunchStoryboardName = LaunchScreen;
				INFOPLIST_KEY_UIMainStoryboardFile = Main;
				INFOPLIST_KEY_UISupportedInterfaceOrientations_iPad = "UIInterfaceOrientationPortrait UIInterfaceOrientationPortraitUpsideDown UIInterfaceOrientationLandscapeLeft UIInterfaceOrientationLandscapeRight";
				INFOPLIST_KEY_UISupportedInterfaceOrientations_iPhone = "UIInterfaceOrientationPortrait UIInterfaceOrientationLandscapeLeft UIInterfaceOrientationLandscapeRight";
				LD_RUNPATH_SEARCH_PATHS = (
					"$(inherited)",
					"@executable_path/Frameworks",
				);
				MARKETING_VERSION = 1.0;
				PRODUCT_BUNDLE_IDENTIFIER = "com.codepath.HuiyuGuan-Assignment-1";
				PRODUCT_NAME = "$(TARGET_NAME)";
				SWIFT_EMIT_LOC_STRINGS = YES;
				SWIFT_VERSION = 5.0;
				TARGETED_DEVICE_FAMILY = "1,2";
			};
			name = Debug;
		};
		65AB0DFB27C94CB5002957EA /* Release */ = {
			isa = XCBuildConfiguration;
			buildSettings = {
				ASSETCATALOG_COMPILER_APPICON_NAME = AppIcon;
				ASSETCATALOG_COMPILER_GLOBAL_ACCENT_COLOR_NAME = AccentColor;
				CODE_SIGN_STYLE = Automatic;
				CURRENT_PROJECT_VERSION = 1;
				DEVELOPMENT_TEAM = 9PT9Y28877;
				GENERATE_INFOPLIST_FILE = YES;
				INFOPLIST_FILE = "HuiyuGuan Assignment 1/Info.plist";
				INFOPLIST_KEY_UIApplicationSupportsIndirectInputEvents = YES;
				INFOPLIST_KEY_UILaunchStoryboardName = LaunchScreen;
				INFOPLIST_KEY_UIMainStoryboardFile = Main;
				INFOPLIST_KEY_UISupportedInterfaceOrientations_iPad = "UIInterfaceOrientationPortrait UIInterfaceOrientationPortraitUpsideDown UIInterfaceOrientationLandscapeLeft UIInterfaceOrientationLandscapeRight";
				INFOPLIST_KEY_UISupportedInterfaceOrientations_iPhone = "UIInterfaceOrientationPortrait UIInterfaceOrientationLandscapeLeft UIInterfaceOrientationLandscapeRight";
				LD_RUNPATH_SEARCH_PATHS = (
					"$(inherited)",
					"@executable_path/Frameworks",
				);
				MARKETING_VERSION = 1.0;
				PRODUCT_BUNDLE_IDENTIFIER = "com.codepath.HuiyuGuan-Assignment-1";
				PRODUCT_NAME = "$(TARGET_NAME)";
				SWIFT_EMIT_LOC_STRINGS = YES;
				SWIFT_VERSION = 5.0;
				TARGETED_DEVICE_FAMILY = "1,2";
			};
			name = Release;
		};
		65AB0DFD27C94CB5002957EA /* Debug */ = {
			isa = XCBuildConfiguration;
			buildSettings = {
				ALWAYS_EMBED_SWIFT_STANDARD_LIBRARIES = YES;
				BUNDLE_LOADER = "$(TEST_HOST)";
				CODE_SIGN_STYLE = Automatic;
				CURRENT_PROJECT_VERSION = 1;
				DEVELOPMENT_TEAM = 9PT9Y28877;
				GENERATE_INFOPLIST_FILE = YES;
				IPHONEOS_DEPLOYMENT_TARGET = 15.2;
				MARKETING_VERSION = 1.0;
				PRODUCT_BUNDLE_IDENTIFIER = "com.codepath.HuiyuGuan-Assignment-1Tests";
				PRODUCT_NAME = "$(TARGET_NAME)";
				SWIFT_EMIT_LOC_STRINGS = NO;
				SWIFT_VERSION = 5.0;
				TARGETED_DEVICE_FAMILY = "1,2";
				TEST_HOST = "$(BUILT_PRODUCTS_DIR)/HuiyuGuan Assignment 1.app/HuiyuGuan Assignment 1";
			};
			name = Debug;
		};
		65AB0DFE27C94CB5002957EA /* Release */ = {
			isa = XCBuildConfiguration;
			buildSettings = {
				ALWAYS_EMBED_SWIFT_STANDARD_LIBRARIES = YES;
				BUNDLE_LOADER = "$(TEST_HOST)";
				CODE_SIGN_STYLE = Automatic;
				CURRENT_PROJECT_VERSION = 1;
				DEVELOPMENT_TEAM = 9PT9Y28877;
				GENERATE_INFOPLIST_FILE = YES;
				IPHONEOS_DEPLOYMENT_TARGET = 15.2;
				MARKETING_VERSION = 1.0;
				PRODUCT_BUNDLE_IDENTIFIER = "com.codepath.HuiyuGuan-Assignment-1Tests";
				PRODUCT_NAME = "$(TARGET_NAME)";
				SWIFT_EMIT_LOC_STRINGS = NO;
				SWIFT_VERSION = 5.0;
				TARGETED_DEVICE_FAMILY = "1,2";
				TEST_HOST = "$(BUILT_PRODUCTS_DIR)/HuiyuGuan Assignment 1.app/HuiyuGuan Assignment 1";
			};
			name = Release;
		};
		65AB0E0027C94CB5002957EA /* Debug */ = {
			isa = XCBuildConfiguration;
			buildSettings = {
				ALWAYS_EMBED_SWIFT_STANDARD_LIBRARIES = YES;
				CODE_SIGN_STYLE = Automatic;
				CURRENT_PROJECT_VERSION = 1;
				DEVELOPMENT_TEAM = 9PT9Y28877;
				GENERATE_INFOPLIST_FILE = YES;
				MARKETING_VERSION = 1.0;
				PRODUCT_BUNDLE_IDENTIFIER = "com.codepath.HuiyuGuan-Assignment-1UITests";
				PRODUCT_NAME = "$(TARGET_NAME)";
				SWIFT_EMIT_LOC_STRINGS = NO;
				SWIFT_VERSION = 5.0;
				TARGETED_DEVICE_FAMILY = "1,2";
				TEST_TARGET_NAME = "HuiyuGuan Assignment 1";
			};
			name = Debug;
		};
		65AB0E0127C94CB5002957EA /* Release */ = {
			isa = XCBuildConfiguration;
			buildSettings = {
				ALWAYS_EMBED_SWIFT_STANDARD_LIBRARIES = YES;
				CODE_SIGN_STYLE = Automatic;
				CURRENT_PROJECT_VERSION = 1;
				DEVELOPMENT_TEAM = 9PT9Y28877;
				GENERATE_INFOPLIST_FILE = YES;
				MARKETING_VERSION = 1.0;
				PRODUCT_BUNDLE_IDENTIFIER = "com.codepath.HuiyuGuan-Assignment-1UITests";
				PRODUCT_NAME = "$(TARGET_NAME)";
				SWIFT_EMIT_LOC_STRINGS = NO;
				SWIFT_VERSION = 5.0;
				TARGETED_DEVICE_FAMILY = "1,2";
				TEST_TARGET_NAME = "HuiyuGuan Assignment 1";
			};
			name = Release;
		};
/* End XCBuildConfiguration section */

/* Begin XCConfigurationList section */
		65AB0DCA27C94CB3002957EA /* Build configuration list for PBXProject "HuiyuGuan Assignment 1" */ = {
			isa = XCConfigurationList;
			buildConfigurations = (
				65AB0DF727C94CB5002957EA /* Debug */,
				65AB0DF827C94CB5002957EA /* Release */,
			);
			defaultConfigurationIsVisible = 0;
			defaultConfigurationName = Release;
		};
		65AB0DF927C94CB5002957EA /* Build configuration list for PBXNativeTarget "HuiyuGuan Assignment 1" */ = {
			isa = XCConfigurationList;
			buildConfigurations = (
				65AB0DFA27C94CB5002957EA /* Debug */,
				65AB0DFB27C94CB5002957EA /* Release */,
			);
			defaultConfigurationIsVisible = 0;
			defaultConfigurationName = Release;
		};
		65AB0DFC27C94CB5002957EA /* Build configuration list for PBXNativeTarget "HuiyuGuan Assignment 1Tests" */ = {
			isa = XCConfigurationList;
			buildConfigurations = (
				65AB0DFD27C94CB5002957EA /* Debug */,
				65AB0DFE27C94CB5002957EA /* Release */,
			);
			defaultConfigurationIsVisible = 0;
			defaultConfigurationName = Release;
		};
		65AB0DFF27C94CB5002957EA /* Build configuration list for PBXNativeTarget "HuiyuGuan Assignment 1UITests" */ = {
			isa = XCConfigurationList;
			buildConfigurations = (
				65AB0E0027C94CB5002957EA /* Debug */,
				65AB0E0127C94CB5002957EA /* Release */,
			);
			defaultConfigurationIsVisible = 0;
			defaultConfigurationName = Release;
		};
/* End XCConfigurationList section */
	};
	rootObject = 65AB0DC727C94CB3002957EA /* Project object */;
}
